
Microsoft Visual Studio Solution File, Format Version 12.00
# Visual Studio Version 16
VisualStudioVersion = 16.0.32002.261
MinimumVisualStudioVersion = 10.0.40219.1
Project("{FAE04EC0-301F-11D3-BF4B-00C04F79EFBC}") = "PLinqDataProcessingWithCancellation", "PLinqDataProcessingWithCancellation\PLinqDataProcessingWithCancellation.csproj", "{29E0A649-A3B7-4D0E-B542-71B4BA600300}"
EndProject
Global
	GlobalSection(SolutionConfigurationPlatforms) = preSolution
		Debug|Any CPU = Debug|Any CPU
		Release|Any CPU = Release|Any CPU
	EndGlobalSection
	GlobalSection(ProjectConfigurationPlatforms) = postSolution
		{29E0A649-A3B7-4D0E-B542-71B4BA600300}.Debug|Any CPU.ActiveCfg = Debug|Any CPU
		{29E0A649-A3B7-4D0E-B542-71B4BA600300}.Debug|Any CPU.Build.0 = Debug|Any CPU
		{29E0A649-A3B7-4D0E-B542-71B4BA600300}.Release|Any CPU.ActiveCfg = Release|Any CPU
		{29E0A649-A3B7-4D0E-B542-71B4BA600300}.Release|Any CPU.Build.0 = Release|Any CPU
	EndGlobalSection
	GlobalSection(SolutionProperties) = preSolution
		HideSolutionNode = FALSE
	EndGlobalSection
	GlobalSection(ExtensibilityGlobals) = postSolution
		SolutionGuid = {D78EA35C-D5F3-4DBA-9992-F9D018387AB5}
	EndGlobalSection
EndGlobal
